
Microsoft Visual Studio Solution File, Format Version 12.00
# Visual Studio 15
Project("{FAE04EC0-301F-11D3-BF4B-00C04F79EFBC}") = "Assembly-CSharp", "Assembly-CSharp.csproj", "{9F21F67F-314C-D6F8-5729-75933394AFB5}"
EndProject
Project("{FAE04EC0-301F-11D3-BF4B-00C04F79EFBC}") = "Assembly-CSharp-Editor", "Assembly-CSharp-Editor.csproj", "{708038B3-2454-E8DD-B52F-78C23B2E54FA}"
EndProject
Global
	GlobalSection(SolutionConfigurationPlatforms) = preSolution
		Debug|Any CPU = Debug|Any CPU
		Release|Any CPU = Release|Any CPU
	EndGlobalSection
	GlobalSection(ProjectConfigurationPlatforms) = postSolution
		{9F21F67F-314C-D6F8-5729-75933394AFB5}.Debug|Any CPU.ActiveCfg = Debug|Any CPU
		{9F21F67F-314C-D6F8-5729-75933394AFB5}.Debug|Any CPU.Build.0 = Debug|Any CPU
		{9F21F67F-314C-D6F8-5729-75933394AFB5}.Release|Any CPU.ActiveCfg = Release|Any CPU
		{9F21F67F-314C-D6F8-5729-75933394AFB5}.Release|Any CPU.Build.0 = Release|Any CPU
		{708038B3-2454-E8DD-B52F-78C23B2E54FA}.Debug|Any CPU.ActiveCfg = Debug|Any CPU
		{708038B3-2454-E8DD-B52F-78C23B2E54FA}.Debug|Any CPU.Build.0 = Debug|Any CPU
		{708038B3-2454-E8DD-B52F-78C23B2E54FA}.Release|Any CPU.ActiveCfg = Release|Any CPU
		{708038B3-2454-E8DD-B52F-78C23B2E54FA}.Release|Any CPU.Build.0 = Release|Any CPU
	EndGlobalSection
	GlobalSection(SolutionProperties) = preSolution
		HideSolutionNode = FALSE
	EndGlobalSection
EndGlobal
